
Microsoft Visual Studio Solution File, Format Version 12.00
# Visual Studio Version 17
VisualStudioVersion = 17.3.32922.545
MinimumVisualStudioVersion = 10.0.40219.1
Project("{9A19103F-16F7-4668-BE54-9A1E7A4F7556}") = "Shop", "Shop\Shop.csproj", "{4A390A01-74C8-40C7-A200-5AFD6EEE8A17}"
EndProject
Project("{9A19103F-16F7-4668-BE54-9A1E7A4F7556}") = "ShopTARgv21.Core", "ShopTARgv21.Core\ShopTARgv21.Core.csproj", "{A249BC6B-6556-48ED-89CB-37A2DFF8A24B}"
EndProject
Project("{9A19103F-16F7-4668-BE54-9A1E7A4F7556}") = "ShopTARgv21.Data", "ShopTARgv21.Data\ShopTARgv21.Data.csproj", "{6E2BAFA1-A1BD-4986-9AC5-984B8DDFA7CE}"
EndProject
Project("{9A19103F-16F7-4668-BE54-9A1E7A4F7556}") = "ShopTARgv21.ApplicationServices", "ShopTARgv21.ApplicationServices\ShopTARgv21.ApplicationServices.csproj", "{DE1135A0-85E7-4B8F-AE66-06C33E98DE54}"
EndProject
Project("{FAE04EC0-301F-11D3-BF4B-00C04F79EFBC}") = "ShopTARgv21.SpaceshipTest", "ShopTARgv21.SpaceshipTest\ShopTARgv21.SpaceshipTest.csproj", "{9A2C4A46-6F45-4C9D-8705-92179581F477}"
EndProject
Global
	GlobalSection(SolutionConfigurationPlatforms) = preSolution
		Debug|Any CPU = Debug|Any CPU
		Release|Any CPU = Release|Any CPU
	EndGlobalSection
	GlobalSection(ProjectConfigurationPlatforms) = postSolution
		{4A390A01-74C8-40C7-A200-5AFD6EEE8A17}.Debug|Any CPU.ActiveCfg = Debug|Any CPU
		{4A390A01-74C8-40C7-A200-5AFD6EEE8A17}.Debug|Any CPU.Build.0 = Debug|Any CPU
		{4A390A01-74C8-40C7-A200-5AFD6EEE8A17}.Release|Any CPU.ActiveCfg = Release|Any CPU
		{4A390A01-74C8-40C7-A200-5AFD6EEE8A17}.Release|Any CPU.Build.0 = Release|Any CPU
		{A249BC6B-6556-48ED-89CB-37A2DFF8A24B}.Debug|Any CPU.ActiveCfg = Debug|Any CPU
		{A249BC6B-6556-48ED-89CB-37A2DFF8A24B}.Debug|Any CPU.Build.0 = Debug|Any CPU
		{A249BC6B-6556-48ED-89CB-37A2DFF8A24B}.Release|Any CPU.ActiveCfg = Release|Any CPU
		{A249BC6B-6556-48ED-89CB-37A2DFF8A24B}.Release|Any CPU.Build.0 = Release|Any CPU
		{6E2BAFA1-A1BD-4986-9AC5-984B8DDFA7CE}.Debug|Any CPU.ActiveCfg = Debug|Any CPU
		{6E2BAFA1-A1BD-4986-9AC5-984B8DDFA7CE}.Debug|Any CPU.Build.0 = Debug|Any CPU
		{6E2BAFA1-A1BD-4986-9AC5-984B8DDFA7CE}.Release|Any CPU.ActiveCfg = Release|Any CPU
		{6E2BAFA1-A1BD-4986-9AC5-984B8DDFA7CE}.Release|Any CPU.Build.0 = Release|Any CPU
		{DE1135A0-85E7-4B8F-AE66-06C33E98DE54}.Debug|Any CPU.ActiveCfg = Debug|Any CPU
		{DE1135A0-85E7-4B8F-AE66-06C33E98DE54}.Debug|Any CPU.Build.0 = Debug|Any CPU
		{DE1135A0-85E7-4B8F-AE66-06C33E98DE54}.Release|Any CPU.ActiveCfg = Release|Any CPU
		{DE1135A0-85E7-4B8F-AE66-06C33E98DE54}.Release|Any CPU.Build.0 = Release|Any CPU
		{9A2C4A46-6F45-4C9D-8705-92179581F477}.Debug|Any CPU.ActiveCfg = Debug|Any CPU
		{9A2C4A46-6F45-4C9D-8705-92179581F477}.Debug|Any CPU.Build.0 = Debug|Any CPU
		{9A2C4A46-6F45-4C9D-8705-92179581F477}.Release|Any CPU.ActiveCfg = Release|Any CPU
		{9A2C4A46-6F45-4C9D-8705-92179581F477}.Release|Any CPU.Build.0 = Release|Any CPU
	EndGlobalSection
	GlobalSection(SolutionProperties) = preSolution
		HideSolutionNode = FALSE
	EndGlobalSection
	GlobalSection(ExtensibilityGlobals) = postSolution
		SolutionGuid = {9DAA6E8D-1C59-4DDF-9BAF-06F3D6AFD965}
	EndGlobalSection
EndGlobal
